
Microsoft Visual Studio Solution File, Format Version 12.00
# Visual Studio Version 17
VisualStudioVersion = 17.14.36908.2 d17.14
MinimumVisualStudioVersion = 10.0.40219.1
Project("{FAE04EC0-301F-11D3-BF4B-00C04F79EFBC}") = "ConsoleApp3", "ConsoleApp3\ConsoleApp3.csproj", "{B3AC4832-B6D5-4045-8C85-5225CC157BAD}"
EndProject
Global
	GlobalSection(SolutionConfigurationPlatforms) = preSolution
		Debug|Any CPU = Debug|Any CPU
		Release|Any CPU = Release|Any CPU
	EndGlobalSection
	GlobalSection(ProjectConfigurationPlatforms) = postSolution
		{B3AC4832-B6D5-4045-8C85-5225CC157BAD}.Debug|Any CPU.ActiveCfg = Debug|Any CPU
		{B3AC4832-B6D5-4045-8C85-5225CC157BAD}.Debug|Any CPU.Build.0 = Debug|Any CPU
		{B3AC4832-B6D5-4045-8C85-5225CC157BAD}.Release|Any CPU.ActiveCfg = Release|Any CPU
		{B3AC4832-B6D5-4045-8C85-5225CC157BAD}.Release|Any CPU.Build.0 = Release|Any CPU
	EndGlobalSection
	GlobalSection(SolutionProperties) = preSolution
		HideSolutionNode = FALSE
	EndGlobalSection
	GlobalSection(ExtensibilityGlobals) = postSolution
		SolutionGuid = {9B489E3B-1DF8-493D-9474-8F025306CC20}
	EndGlobalSection
EndGlobal
