
Microsoft Visual Studio Solution File, Format Version 12.00
# Visual Studio Version 17
VisualStudioVersion = 17.14.36811.4 d17.14
MinimumVisualStudioVersion = 10.0.40219.1
Project("{FAE04EC0-301F-11D3-BF4B-00C04F79EFBC}") = "ConsoleApp3", "ConsoleApp3\ConsoleApp3.csproj", "{C5AFE723-164A-43D4-B741-7996F2D2B19E}"
EndProject
Global
	GlobalSection(SolutionConfigurationPlatforms) = preSolution
		Debug|Any CPU = Debug|Any CPU
		Release|Any CPU = Release|Any CPU
	EndGlobalSection
	GlobalSection(ProjectConfigurationPlatforms) = postSolution
		{C5AFE723-164A-43D4-B741-7996F2D2B19E}.Debug|Any CPU.ActiveCfg = Debug|Any CPU
		{C5AFE723-164A-43D4-B741-7996F2D2B19E}.Debug|Any CPU.Build.0 = Debug|Any CPU
		{C5AFE723-164A-43D4-B741-7996F2D2B19E}.Release|Any CPU.ActiveCfg = Release|Any CPU
		{C5AFE723-164A-43D4-B741-7996F2D2B19E}.Release|Any CPU.Build.0 = Release|Any CPU
	EndGlobalSection
	GlobalSection(SolutionProperties) = preSolution
		HideSolutionNode = FALSE
	EndGlobalSection
	GlobalSection(ExtensibilityGlobals) = postSolution
		SolutionGuid = {905D187E-6466-4CD4-8594-0A62DCB0FDB5}
	EndGlobalSection
EndGlobal
