
Microsoft Visual Studio Solution File, Format Version 12.00
# Visual Studio Version 17
VisualStudioVersion = 17.14.36811.4 d17.14
MinimumVisualStudioVersion = 10.0.40219.1
Project("{FAE04EC0-301F-11D3-BF4B-00C04F79EFBC}") = "ConsoleApp8", "ConsoleApp8\ConsoleApp8.csproj", "{C6E27180-BAEA-4456-9404-8CC2108D5AEB}"
EndProject
Global
	GlobalSection(SolutionConfigurationPlatforms) = preSolution
		Debug|Any CPU = Debug|Any CPU
		Release|Any CPU = Release|Any CPU
	EndGlobalSection
	GlobalSection(ProjectConfigurationPlatforms) = postSolution
		{C6E27180-BAEA-4456-9404-8CC2108D5AEB}.Debug|Any CPU.ActiveCfg = Debug|Any CPU
		{C6E27180-BAEA-4456-9404-8CC2108D5AEB}.Debug|Any CPU.Build.0 = Debug|Any CPU
		{C6E27180-BAEA-4456-9404-8CC2108D5AEB}.Release|Any CPU.ActiveCfg = Release|Any CPU
		{C6E27180-BAEA-4456-9404-8CC2108D5AEB}.Release|Any CPU.Build.0 = Release|Any CPU
	EndGlobalSection
	GlobalSection(SolutionProperties) = preSolution
		HideSolutionNode = FALSE
	EndGlobalSection
	GlobalSection(ExtensibilityGlobals) = postSolution
		SolutionGuid = {B5497BF8-154A-465E-B4C8-103BD2F3D732}
	EndGlobalSection
EndGlobal
